// !$*UTF8*$!
{
	archiveVersion = 1;
	classes = {
	};
	objectVersion = 56;
	objects = {

/* Begin PBXBuildFile section */
		EC2D40D52BD56C33000F84FE /* AppDelegate.swift in Sources */ = {isa = PBXBuildFile; fileRef = EC2D40D42BD56C33000F84FE /* AppDelegate.swift */; };
		EC2D40D72BD56C33000F84FE /* SceneDelegate.swift in Sources */ = {isa = PBXBuildFile; fileRef = EC2D40D62BD56C33000F84FE /* SceneDelegate.swift */; };
		EC2D40D92BD56C33000F84FE /* ViewController.swift in Sources */ = {isa = PBXBuildFile; fileRef = EC2D40D82BD56C33000F84FE /* ViewController.swift */; };
		EC2D40DC2BD56C33000F84FE /* Main.storyboard in Resources */ = {isa = PBXBuildFile; fileRef = EC2D40DA2BD56C33000F84FE /* Main.storyboard */; };
		EC2D40DE2BD56C34000F84FE /* Assets.xcassets in Resources */ = {isa = PBXBuildFile; fileRef = EC2D40DD2BD56C34000F84FE /* Assets.xcassets */; };
		EC2D40E12BD56C34000F84FE /* LaunchScreen.storyboard in Resources */ = {isa = PBXBuildFile; fileRef = EC2D40DF2BD56C34000F84FE /* LaunchScreen.storyboard */; };
		EC2D40E92BD575A4000F84FE /* StreatchyHeader.swift in Sources */ = {isa = PBXBuildFile; fileRef = EC2D40E82BD575A4000F84FE /* StreatchyHeader.swift */; };
/* End PBXBuildFile section */

/* Begin PBXFileReference section */
		EC2D40D12BD56C33000F84FE /* PullScrollApp.app */ = {isa = PBXFileReference; explicitFileType = wrapper.application; includeInIndex = 0; path = PullScrollApp.app; sourceTree = BUILT_PRODUCTS_DIR; };
		EC2D40D42BD56C33000F84FE /* AppDelegate.swift */ = {isa = PBXFileReference; lastKnownFileType = sourcecode.swift; path = AppDelegate.swift; sourceTree = "<group>"; };
		EC2D40D62BD56C33000F84FE /* SceneDelegate.swift */ = {isa = PBXFileReference; lastKnownFileType = sourcecode.swift; path = SceneDelegate.swift; sourceTree = "<group>"; };
		EC2D40D82BD56C33000F84FE /* ViewController.swift */ = {isa = PBXFileReference; lastKnownFileType = sourcecode.swift; path = ViewController.swift; sourceTree = "<group>"; };
		EC2D40DB2BD56C33000F84FE /* Base */ = {isa = PBXFileReference; lastKnownFileType = file.storyboard; name = Base; path = Base.lproj/Main.storyboard; sourceTree = "<group>"; };
		EC2D40DD2BD56C34000F84FE /* Assets.xcassets */ = {isa = PBXFileReference; lastKnownFileType = folder.assetcatalog; path = Assets.xcassets; sourceTree = "<group>"; };
		EC2D40E02BD56C34000F84FE /* Base */ = {isa = PBXFileReference; lastKnownFileType = file.storyboard; name = Base; path = Base.lproj/LaunchScreen.storyboard; sourceTree = "<group>"; };
		EC2D40E22BD56C34000F84FE /* Info.plist */ = {isa = PBXFileReference; lastKnownFileType = text.plist.xml; path = Info.plist; sourceTree = "<group>"; };
		EC2D40E82BD575A4000F84FE /* StreatchyHeader.swift */ = {isa = PBXFileReference; lastKnownFileType = sourcecode.swift; path = StreatchyHeader.swift; sourceTree = "<group>"; };
/* End PBXFileReference section */

/* Begin PBXFrameworksBuildPhase section */
		EC2D40CE2BD56C33000F84FE /* Frameworks */ = {
			isa = PBXFrameworksBuildPhase;
			buildActionMask = 2147483647;
			files = (
			);
			runOnlyForDeploymentPostprocessing = 0;
		};
/* End PBXFrameworksBuildPhase section */

/* Begin PBXGroup section */
		EC2D40C82BD56C33000F84FE = {
			isa = PBXGroup;
			children = (
				EC2D40D32BD56C33000F84FE /* PullScrollApp */,
				EC2D40D22BD56C33000F84FE /* Products */,
			);
			sourceTree = "<group>";
		};
		EC2D40D22BD56C33000F84FE /* Products */ = {
			isa = PBXGroup;
			children = (
				EC2D40D12BD56C33000F84FE /* PullScrollApp.app */,
			);
			name = Products;
			sourceTree = "<group>";
		};
		EC2D40D32BD56C33000F84FE /* PullScrollApp */ = {
			isa = PBXGroup;
			children = (
				EC2D40D42BD56C33000F84FE /* AppDelegate.swift */,
				EC2D40D62BD56C33000F84FE /* SceneDelegate.swift */,
				EC2D40E82BD575A4000F84FE /* StreatchyHeader.swift */,
				EC2D40D82BD56C33000F84FE /* ViewController.swift */,
				EC2D40DA2BD56C33000F84FE /* Main.storyboard */,
				EC2D40DD2BD56C34000F84FE /* Assets.xcassets */,
				EC2D40DF2BD56C34000F84FE /* LaunchScreen.storyboard */,
				EC2D40E22BD56C34000F84FE /* Info.plist */,
			);
			path = PullScrollApp;
			sourceTree = "<group>";
		};
/* End PBXGroup section */

/* Begin PBXNativeTarget section */
		EC2D40D02BD56C33000F84FE /* PullScrollApp */ = {
			isa = PBXNativeTarget;
			buildConfigurationList = EC2D40E52BD56C34000F84FE /* Build configuration list for PBXNativeTarget "PullScrollApp" */;
			buildPhases = (
				EC2D40CD2BD56C33000F84FE /* Sources */,
				EC2D40CE2BD56C33000F84FE /* Frameworks */,
				EC2D40CF2BD56C33000F84FE /* Resources */,
			);
			buildRules = (
			);
			dependencies = (
			);
			name = PullScrollApp;
			productName = PullScrollApp;
			productReference = EC2D40D12BD56C33000F84FE /* PullScrollApp.app */;
			productType = "com.apple.product-type.application";
		};
/* End PBXNativeTarget section */

/* Begin PBXProject section */
		EC2D40C92BD56C33000F84FE /* Project object */ = {
			isa = PBXProject;
			attributes = {
				BuildIndependentTargetsInParallel = 1;
				LastSwiftUpdateCheck = 1520;
				LastUpgradeCheck = 1520;
				TargetAttributes = {
					EC2D40D02BD56C33000F84FE = {
						CreatedOnToolsVersion = 15.2;
					};
				};
			};
			buildConfigurationList = EC2D40CC2BD56C33000F84FE /* Build configuration list for PBXProject "PullScrollApp" */;
			compatibilityVersion = "Xcode 14.0";
			developmentRegion = en;
			hasScannedForEncodings = 0;
			knownRegions = (
				en,
				Base,
			);
			mainGroup = EC2D40C82BD56C33000F84FE;
			productRefGroup = EC2D40D22BD56C33000F84FE /* Products */;
			projectDirPath = "";
			projectRoot = "";
			targets = (
				EC2D40D02BD56C33000F84FE /* PullScrollApp */,
			);
		};
/* End PBXProject section */

/* Begin PBXResourcesBuildPhase section */
		EC2D40CF2BD56C33000F84FE /* Resources */ = {
			isa = PBXResourcesBuildPhase;
			buildActionMask = 2147483647;
			files = (
				EC2D40E12BD56C34000F84FE /* LaunchScreen.storyboard in Resources */,
				EC2D40DE2BD56C34000F84FE /* Assets.xcassets in Resources */,
				EC2D40DC2BD56C33000F84FE /* Main.storyboard in Resources */,
			);
			runOnlyForDeploymentPostprocessing = 0;
		};
/* End PBXResourcesBuildPhase section */

/* Begin PBXSourcesBuildPhase section */
		EC2D40CD2BD56C33000F84FE /* Sources */ = {
			isa = PBXSourcesBuildPhase;
			buildActionMask = 2147483647;
			files = (
				EC2D40E92BD575A4000F84FE /* StreatchyHeader.swift in Sources */,
				EC2D40D92BD56C33000F84FE /* ViewController.swift in Sources */,
				EC2D40D52BD56C33000F84FE /* AppDelegate.swift in Sources */,
				EC2D40D72BD56C33000F84FE /* SceneDelegate.swift in Sources */,
			);
			runOnlyForDeploymentPostprocessing = 0;
		};
/* End PBXSourcesBuildPhase section */

/* Begin PBXVariantGroup section */
		EC2D40DA2BD56C33000F84FE /* Main.storyboard */ = {
			isa = PBXVariantGroup;
			children = (
				EC2D40DB2BD56C33000F84FE /* Base */,
			);
			name = Main.storyboard;
			sourceTree = "<group>";
		};
		EC2D40DF2BD56C34000F84FE /* LaunchScreen.storyboard */ = {
			isa = PBXVariantGroup;
			children = (
				EC2D40E02BD56C34000F84FE /* Base */,
			);
			name = LaunchScreen.storyboard;
			sourceTree = "<group>";
		};
/* End PBXVariantGroup section */

/* Begin XCBuildConfiguration section */
		EC2D40E32BD56C34000F84FE /* Debug */ = {
			isa = XCBuildConfiguration;
			buildSettings = {
				ALWAYS_SEARCH_USER_PATHS = NO;
				ASSETCATALOG_COMPILER_GENERATE_SWIFT_ASSET_SYMBOL_EXTENSIONS = YES;
				CLANG_ANALYZER_NONNULL = YES;
				CLANG_ANALYZER_NUMBER_OBJECT_CONVERSION = YES_AGGRESSIVE;
				CLANG_CXX_LANGUAGE_STANDARD = "gnu++20";
				CLANG_ENABLE_MODULES = YES;
				CLANG_ENABLE_OBJC_ARC = YES;
				CLANG_ENABLE_OBJC_WEAK = YES;
				CLANG_WARN_BLOCK_CAPTURE_AUTORELEASING = YES;
				CLANG_WARN_BOOL_CONVERSION = YES;
				CLANG_WARN_COMMA = YES;
				CLANG_WARN_CONSTANT_CONVERSION = YES;
				CLANG_WARN_DEPRECATED_OBJC_IMPLEMENTATIONS = YES;
				CLANG_WARN_DIRECT_OBJC_ISA_USAGE = YES_ERROR;
				CLANG_WARN_DOCUMENTATION_COMMENTS = YES;
				CLANG_WARN_EMPTY_BODY = YES;
				CLANG_WARN_ENUM_CONVERSION = YES;
				CLANG_WARN_INFINITE_RECURSION = YES;
				CLANG_WARN_INT_CONVERSION = YES;
				CLANG_WARN_NON_LITERAL_NULL_CONVERSION = YES;
				CLANG_WARN_OBJC_IMPLICIT_RETAIN_SELF = YES;
				CLANG_WARN_OBJC_LITERAL_CONVERSION = YES;
				CLANG_WARN_OBJC_ROOT_CLASS = YES_ERROR;
				CLANG_WARN_QUOTED_INCLUDE_IN_FRAMEWORK_HEADER = YES;
				CLANG_WARN_RANGE_LOOP_ANALYSIS = YES;
				CLANG_WARN_STRICT_PROTOTYPES = YES;
				CLANG_WARN_SUSPICIOUS_MOVE = YES;
				CLANG_WARN_UNGUARDED_AVAILABILITY = YES_AGGRESSIVE;
				CLANG_WARN_UNREACHABLE_CODE = YES;
				CLANG_WARN__DUPLICATE_METHOD_MATCH = YES;
				COPY_PHASE_STRIP = NO;
				DEBUG_INFORMATION_FORMAT = dwarf;
				ENABLE_STRICT_OBJC_MSGSEND = YES;
				ENABLE_TESTABILITY = YES;
				ENABLE_USER_SCRIPT_SANDBOXING = YES;
				GCC_C_LANGUAGE_STANDARD = gnu17;
				GCC_DYNAMIC_NO_PIC = NO;
				GCC_NO_COMMON_BLOCKS = YES;
				GCC_OPTIMIZATION_LEVEL = 0;
				GCC_PREPROCESSOR_DEFINITIONS = (
					"DEBUG=1",
					"$(inherited)",
				);
				GCC_WARN_64_TO_32_BIT_CONVERSION = YES;
				GCC_WARN_ABOUT_RETURN_TYPE = YES_ERROR;
				GCC_WARN_UNDECLARED_SELECTOR = YES;
				GCC_WARN_UNINITIALIZED_AUTOS = YES_AGGRESSIVE;
				GCC_WARN_UNUSED_FUNCTION = YES;
				GCC_WARN_UNUSED_VARIABLE = YES;
				IPHONEOS_DEPLOYMENT_TARGET = 17.2;
				LOCALIZATION_PREFERS_STRING_CATALOGS = YES;
				MTL_ENABLE_DEBUG_INFO = INCLUDE_SOURCE;
				MTL_FAST_MATH = YES;
				ONLY_ACTIVE_ARCH = YES;
				SDKROOT = iphoneos;
				SWIFT_ACTIVE_COMPILATION_CONDITIONS = "DEBUG $(inherited)";
				SWIFT_OPTIMIZATION_LEVEL = "-Onone";
			};
			name = Debug;
		};
		EC2D40E42BD56C34000F84FE /* Release */ = {
			isa = XCBuildConfiguration;
			buildSettings = {
				ALWAYS_SEARCH_USER_PATHS = NO;
				ASSETCATALOG_COMPILER_GENERATE_SWIFT_ASSET_SYMBOL_EXTENSIONS = YES;
				CLANG_ANALYZER_NONNULL = YES;
				CLANG_ANALYZER_NUMBER_OBJECT_CONVERSION = YES_AGGRESSIVE;
				CLANG_CXX_LANGUAGE_STANDARD = "gnu++20";
				CLANG_ENABLE_MODULES = YES;
				CLANG_ENABLE_OBJC_ARC = YES;
				CLANG_ENABLE_OBJC_WEAK = YES;
				CLANG_WARN_BLOCK_CAPTURE_AUTORELEASING = YES;
				CLANG_WARN_BOOL_CONVERSION = YES;
				CLANG_WARN_COMMA = YES;
				CLANG_WARN_CONSTANT_CONVERSION = YES;
				CLANG_WARN_DEPRECATED_OBJC_IMPLEMENTATIONS = YES;
				CLANG_WARN_DIRECT_OBJC_ISA_USAGE = YES_ERROR;
				CLANG_WARN_DOCUMENTATION_COMMENTS = YES;
				CLANG_WARN_EMPTY_BODY = YES;
				CLANG_WARN_ENUM_CONVERSION = YES;
				CLANG_WARN_INFINITE_RECURSION = YES;
				CLANG_WARN_INT_CONVERSION = YES;
				CLANG_WARN_NON_LITERAL_NULL_CONVERSION = YES;
				CLANG_WARN_OBJC_IMPLICIT_RETAIN_SELF = YES;
				CLANG_WARN_OBJC_LITERAL_CONVERSION = YES;
				CLANG_WARN_OBJC_ROOT_CLASS = YES_ERROR;
				CLANG_WARN_QUOTED_INCLUDE_IN_FRAMEWORK_HEADER = YES;
				CLANG_WARN_RANGE_LOOP_ANALYSIS = YES;
				CLANG_WARN_STRICT_PROTOTYPES = YES;
				CLANG_WARN_SUSPICIOUS_MOVE = YES;
				CLANG_WARN_UNGUARDED_AVAILABILITY = YES_AGGRESSIVE;
				CLANG_WARN_UNREACHABLE_CODE = YES;
				CLANG_WARN__DUPLICATE_METHOD_MATCH = YES;
				COPY_PHASE_STRIP = NO;
				DEBUG_INFORMATION_FORMAT = "dwarf-with-dsym";
				ENABLE_NS_ASSERTIONS = NO;
				ENABLE_STRICT_OBJC_MSGSEND = YES;
				ENABLE_USER_SCRIPT_SANDBOXING = YES;
				GCC_C_LANGUAGE_STANDARD = gnu17;
				GCC_NO_COMMON_BLOCKS = YES;
				GCC_WARN_64_TO_32_BIT_CONVERSION = YES;
				GCC_WARN_ABOUT_RETURN_TYPE = YES_ERROR;
				GCC_WARN_UNDECLARED_SELECTOR = YES;
				GCC_WARN_UNINITIALIZED_AUTOS = YES_AGGRESSIVE;
				GCC_WARN_UNUSED_FUNCTION = YES;
				GCC_WARN_UNUSED_VARIABLE = YES;
				IPHONEOS_DEPLOYMENT_TARGET = 17.2;
				LOCALIZATION_PREFERS_STRING_CATALOGS = YES;
				MTL_ENABLE_DEBUG_INFO = NO;
				MTL_FAST_MATH = YES;
				SDKROOT = iphoneos;
				SWIFT_COMPILATION_MODE = wholemodule;
				VALIDATE_PRODUCT = YES;
			};
			name = Release;
		};
		EC2D40E62BD56C34000F84FE /* Debug */ = {
			isa = XCBuildConfiguration;
			buildSettings = {
				ASSETCATALOG_COMPILER_APPICON_NAME = AppIcon;
				ASSETCATALOG_COMPILER_GLOBAL_ACCENT_COLOR_NAME = AccentColor;
				CODE_SIGN_STYLE = Automatic;
				CURRENT_PROJECT_VERSION = 1;
				DEVELOPMENT_TEAM = 96M4N38XTC;
				GENERATE_INFOPLIST_FILE = YES;
				INFOPLIST_FILE = PullScrollApp/Info.plist;
				INFOPLIST_KEY_UIApplicationSupportsIndirectInputEvents = YES;
				INFOPLIST_KEY_UILaunchStoryboardName = LaunchScreen;
				INFOPLIST_KEY_UIMainStoryboardFile = Main;
				INFOPLIST_KEY_UISupportedInterfaceOrientations_iPad = "UIInterfaceOrientationPortrait UIInterfaceOrientationPortraitUpsideDown UIInterfaceOrientationLandscapeLeft UIInterfaceOrientationLandscapeRight";
				INFOPLIST_KEY_UISupportedInterfaceOrientations_iPhone = "UIInterfaceOrientationPortrait UIInterfaceOrientationLandscapeLeft UIInterfaceOrientationLandscapeRight";
				LD_RUNPATH_SEARCH_PATHS = (
					"$(inherited)",
					"@executable_path/Frameworks",
				);
				MARKETING_VERSION = 1.0;
				PRODUCT_BUNDLE_IDENTIFIER = someCompany.PullScrollApp;
				PRODUCT_NAME = "$(TARGET_NAME)";
				SWIFT_EMIT_LOC_STRINGS = YES;
				SWIFT_VERSION = 5.0;
				TARGETED_DEVICE_FAMILY = "1,2";
			};
			name = Debug;
		};
		EC2D40E72BD56C34000F84FE /* Release */ = {
			isa = XCBuildConfiguration;
			buildSettings = {
				ASSETCATALOG_COMPILER_APPICON_NAME = AppIcon;
				ASSETCATALOG_COMPILER_GLOBAL_ACCENT_COLOR_NAME = AccentColor;
				CODE_SIGN_STYLE = Automatic;
				CURRENT_PROJECT_VERSION = 1;
				DEVELOPMENT_TEAM = 96M4N38XTC;
				GENERATE_INFOPLIST_FILE = YES;
				INFOPLIST_FILE = PullScrollApp/Info.plist;
				INFOPLIST_KEY_UIApplicationSupportsIndirectInputEvents = YES;
				INFOPLIST_KEY_UILaunchStoryboardName = LaunchScreen;
				INFOPLIST_KEY_UIMainStoryboardFile = Main;
				INFOPLIST_KEY_UISupportedInterfaceOrientations_iPad = "UIInterfaceOrientationPortrait UIInterfaceOrientationPortraitUpsideDown UIInterfaceOrientationLandscapeLeft UIInterfaceOrientationLandscapeRight";
				INFOPLIST_KEY_UISupportedInterfaceOrientations_iPhone = "UIInterfaceOrientationPortrait UIInterfaceOrientationLandscapeLeft UIInterfaceOrientationLandscapeRight";
				LD_RUNPATH_SEARCH_PATHS = (
					"$(inherited)",
					"@executable_path/Frameworks",
				);
				MARKETING_VERSION = 1.0;
				PRODUCT_BUNDLE_IDENTIFIER = someCompany.PullScrollApp;
				PRODUCT_NAME = "$(TARGET_NAME)";
				SWIFT_EMIT_LOC_STRINGS = YES;
				SWIFT_VERSION = 5.0;
				TARGETED_DEVICE_FAMILY = "1,2";
			};
			name = Release;
		};
/* End XCBuildConfiguration section */

/* Begin XCConfigurationList section */
		EC2D40CC2BD56C33000F84FE /* Build configuration list for PBXProject "PullScrollApp" */ = {
			isa = XCConfigurationList;
			buildConfigurations = (
				EC2D40E32BD56C34000F84FE /* Debug */,
				EC2D40E42BD56C34000F84FE /* Release */,
			);
			defaultConfigurationIsVisible = 0;
			defaultConfigurationName = Release;
		};
		EC2D40E52BD56C34000F84FE /* Build configuration list for PBXNativeTarget "PullScrollApp" */ = {
			isa = XCConfigurationList;
			buildConfigurations = (
				EC2D40E62BD56C34000F84FE /* Debug */,
				EC2D40E72BD56C34000F84FE /* Release */,
			);
			defaultConfigurationIsVisible = 0;
			defaultConfigurationName = Release;
		};
/* End XCConfigurationList section */
	};
	rootObject = EC2D40C92BD56C33000F84FE /* Project object */;
}
